
Microsoft Visual Studio Solution File, Format Version 12.00
# Visual Studio Version 16
VisualStudioVersion = 16.0.29613.14
MinimumVisualStudioVersion = 10.0.40219.1
Project("{FAE04EC0-301F-11D3-BF4B-00C04F79EFBC}") = "NexHUDCore", "NexHUD-Core\NexHUDCore.csproj", "{A4F97C0E-F6C4-4338-81F5-E1340D9CE0B1}"
EndProject
Project("{FAE04EC0-301F-11D3-BF4B-00C04F79EFBC}") = "NexHUD", "NexHUD\NexHUD.csproj", "{84136FD2-EC75-43AB-8039-EB391AD7D3DE}"
EndProject
Project("{FAE04EC0-301F-11D3-BF4B-00C04F79EFBC}") = "NexHudLauncher", "NexHudLauncher\NexHudLauncher.csproj", "{3EA0D9E3-035D-43E3-A00F-847335283CF3}"
EndProject
Global
	GlobalSection(SolutionConfigurationPlatforms) = preSolution
		Debug Window|Any CPU = Debug Window|Any CPU
		Debug Window|x64 = Debug Window|x64
		Debug|Any CPU = Debug|Any CPU
		Debug|x64 = Debug|x64
		Release|Any CPU = Release|Any CPU
		Release|x64 = Release|x64
	EndGlobalSection
	GlobalSection(ProjectConfigurationPlatforms) = postSolution
		{A4F97C0E-F6C4-4338-81F5-E1340D9CE0B1}.Debug Window|Any CPU.ActiveCfg = Debug Window|Any CPU
		{A4F97C0E-F6C4-4338-81F5-E1340D9CE0B1}.Debug Window|Any CPU.Build.0 = Debug Window|Any CPU
		{A4F97C0E-F6C4-4338-81F5-E1340D9CE0B1}.Debug Window|x64.ActiveCfg = Debug Window|x64
		{A4F97C0E-F6C4-4338-81F5-E1340D9CE0B1}.Debug Window|x64.Build.0 = Debug Window|x64
		{A4F97C0E-F6C4-4338-81F5-E1340D9CE0B1}.Debug|Any CPU.ActiveCfg = Debug|Any CPU
		{A4F97C0E-F6C4-4338-81F5-E1340D9CE0B1}.Debug|Any CPU.Build.0 = Debug|Any CPU
		{A4F97C0E-F6C4-4338-81F5-E1340D9CE0B1}.Debug|x64.ActiveCfg = Debug|x64
		{A4F97C0E-F6C4-4338-81F5-E1340D9CE0B1}.Debug|x64.Build.0 = Debug|x64
		{A4F97C0E-F6C4-4338-81F5-E1340D9CE0B1}.Release|Any CPU.ActiveCfg = Release|Any CPU
		{A4F97C0E-F6C4-4338-81F5-E1340D9CE0B1}.Release|Any CPU.Build.0 = Release|Any CPU
		{A4F97C0E-F6C4-4338-81F5-E1340D9CE0B1}.Release|x64.ActiveCfg = Release|x64
		{A4F97C0E-F6C4-4338-81F5-E1340D9CE0B1}.Release|x64.Build.0 = Release|x64
		{84136FD2-EC75-43AB-8039-EB391AD7D3DE}.Debug Window|Any CPU.ActiveCfg = Debug Window|Any CPU
		{84136FD2-EC75-43AB-8039-EB391AD7D3DE}.Debug Window|Any CPU.Build.0 = Debug Window|Any CPU
		{84136FD2-EC75-43AB-8039-EB391AD7D3DE}.Debug Window|x64.ActiveCfg = Debug Window|x64
		{84136FD2-EC75-43AB-8039-EB391AD7D3DE}.Debug Window|x64.Build.0 = Debug Window|x64
		{84136FD2-EC75-43AB-8039-EB391AD7D3DE}.Debug|Any CPU.ActiveCfg = Debug|Any CPU
		{84136FD2-EC75-43AB-8039-EB391AD7D3DE}.Debug|Any CPU.Build.0 = Debug|Any CPU
		{84136FD2-EC75-43AB-8039-EB391AD7D3DE}.Debug|x64.ActiveCfg = Debug|x64
		{84136FD2-EC75-43AB-8039-EB391AD7D3DE}.Debug|x64.Build.0 = Debug|x64
		{84136FD2-EC75-43AB-8039-EB391AD7D3DE}.Release|Any CPU.ActiveCfg = Release|Any CPU
		{84136FD2-EC75-43AB-8039-EB391AD7D3DE}.Release|Any CPU.Build.0 = Release|Any CPU
		{84136FD2-EC75-43AB-8039-EB391AD7D3DE}.Release|x64.ActiveCfg = Release|x64
		{84136FD2-EC75-43AB-8039-EB391AD7D3DE}.Release|x64.Build.0 = Release|x64
		{3EA0D9E3-035D-43E3-A00F-847335283CF3}.Debug Window|Any CPU.ActiveCfg = Debug|Any CPU
		{3EA0D9E3-035D-43E3-A00F-847335283CF3}.Debug Window|Any CPU.Build.0 = Debug|Any CPU
		{3EA0D9E3-035D-43E3-A00F-847335283CF3}.Debug Window|x64.ActiveCfg = Debug|Any CPU
		{3EA0D9E3-035D-43E3-A00F-847335283CF3}.Debug Window|x64.Build.0 = Debug|Any CPU
		{3EA0D9E3-035D-43E3-A00F-847335283CF3}.Debug|Any CPU.ActiveCfg = Debug|Any CPU
		{3EA0D9E3-035D-43E3-A00F-847335283CF3}.Debug|Any CPU.Build.0 = Debug|Any CPU
		{3EA0D9E3-035D-43E3-A00F-847335283CF3}.Debug|x64.ActiveCfg = Debug|Any CPU
		{3EA0D9E3-035D-43E3-A00F-847335283CF3}.Debug|x64.Build.0 = Debug|Any CPU
		{3EA0D9E3-035D-43E3-A00F-847335283CF3}.Release|Any CPU.ActiveCfg = Release|Any CPU
		{3EA0D9E3-035D-43E3-A00F-847335283CF3}.Release|Any CPU.Build.0 = Release|Any CPU
		{3EA0D9E3-035D-43E3-A00F-847335283CF3}.Release|x64.ActiveCfg = Release|Any CPU
		{3EA0D9E3-035D-43E3-A00F-847335283CF3}.Release|x64.Build.0 = Release|Any CPU
	EndGlobalSection
	GlobalSection(SolutionProperties) = preSolution
		HideSolutionNode = FALSE
	EndGlobalSection
	GlobalSection(ExtensibilityGlobals) = postSolution
		SolutionGuid = {A055AE7E-8677-487E-A5E1-FD5638DE1AAB}
	EndGlobalSection
EndGlobal
